Microsoft Visual Studio Solution File, Format Version 12.00
# Visual Studio 2012
Project("{FAE04EC0-301F-11D3-BF4B-00C04F79EFBC}") = "Bricks Crusher", "Bricks Crusher.csproj", "{9828653F-6A13-4DEB-9F50-501D9A87EFCB}"
EndProject
Global
	GlobalSection(SolutionConfigurationPlatforms) = preSolution
	Debug|Any CPU = Debug|Any CPU
	Release|Any CPU = Release|Any CPU
	Tools|Any CPU = Tools|Any CPU
	EndGlobalSection
	GlobalSection(ProjectConfigurationPlatforms) = postSolution
		{9828653F-6A13-4DEB-9F50-501D9A87EFCB}.Debug|Any CPU.ActiveCfg = Debug|Any CPU
		{9828653F-6A13-4DEB-9F50-501D9A87EFCB}.Debug|Any CPU.Build.0 = Debug|Any CPU
		{9828653F-6A13-4DEB-9F50-501D9A87EFCB}.Release|Any CPU.ActiveCfg = Release|Any CPU
		{9828653F-6A13-4DEB-9F50-501D9A87EFCB}.Release|Any CPU.Build.0 = Release|Any CPU
		{9828653F-6A13-4DEB-9F50-501D9A87EFCB}.Tools|Any CPU.ActiveCfg = Tools|Any CPU
		{9828653F-6A13-4DEB-9F50-501D9A87EFCB}.Tools|Any CPU.Build.0 = Tools|Any CPU
	EndGlobalSection
EndGlobal
